
Microsoft Visual Studio Solution File, Format Version 12.00
# Visual Studio Version 17
VisualStudioVersion = 17.4.33213.308
MinimumVisualStudioVersion = 10.0.40219.1
Project("{FAE04EC0-301F-11D3-BF4B-00C04F79EFBC}") = "TestTask.Option1", "TestTask.Option1\TestTask.Option1.csproj", "{B285E397-5C00-4177-BE88-5C4CFEE326BC}"
EndProject
Global
	GlobalSection(SolutionConfigurationPlatforms) = preSolution
		Debug|Any CPU = Debug|Any CPU
		Release|Any CPU = Release|Any CPU
	EndGlobalSection
	GlobalSection(ProjectConfigurationPlatforms) = postSolution
		{B285E397-5C00-4177-BE88-5C4CFEE326BC}.Debug|Any CPU.ActiveCfg = Debug|Any CPU
		{B285E397-5C00-4177-BE88-5C4CFEE326BC}.Debug|Any CPU.Build.0 = Debug|Any CPU
		{B285E397-5C00-4177-BE88-5C4CFEE326BC}.Release|Any CPU.ActiveCfg = Release|Any CPU
		{B285E397-5C00-4177-BE88-5C4CFEE326BC}.Release|Any CPU.Build.0 = Release|Any CPU
	EndGlobalSection
	GlobalSection(SolutionProperties) = preSolution
		HideSolutionNode = FALSE
	EndGlobalSection
	GlobalSection(ExtensibilityGlobals) = postSolution
		SolutionGuid = {6501AA1A-84A6-47F3-9292-978E86BE1F18}
	EndGlobalSection
EndGlobal
